
Microsoft Visual Studio Solution File, Format Version 12.00
# Visual Studio Version 17
VisualStudioVersion = 17.14.36623.8 d17.14
MinimumVisualStudioVersion = 10.0.40219.1
Project("{FAE04EC0-301F-11D3-BF4B-00C04F79EFBC}") = "MiniBankAccount", "MiniBankAccount.csproj", "{AF31953D-5164-4BC2-AA04-6FE011C18B11}"
EndProject
Global
	GlobalSection(SolutionConfigurationPlatforms) = preSolution
		Debug|Any CPU = Debug|Any CPU
		Release|Any CPU = Release|Any CPU
	EndGlobalSection
	GlobalSection(ProjectConfigurationPlatforms) = postSolution
		{AF31953D-5164-4BC2-AA04-6FE011C18B11}.Debug|Any CPU.ActiveCfg = Debug|Any CPU
		{AF31953D-5164-4BC2-AA04-6FE011C18B11}.Debug|Any CPU.Build.0 = Debug|Any CPU
		{AF31953D-5164-4BC2-AA04-6FE011C18B11}.Release|Any CPU.ActiveCfg = Release|Any CPU
		{AF31953D-5164-4BC2-AA04-6FE011C18B11}.Release|Any CPU.Build.0 = Release|Any CPU
	EndGlobalSection
	GlobalSection(SolutionProperties) = preSolution
		HideSolutionNode = FALSE
	EndGlobalSection
	GlobalSection(ExtensibilityGlobals) = postSolution
		SolutionGuid = {3DE49D45-16B9-4E08-80DB-0AFDFB07D9A0}
	EndGlobalSection
EndGlobal
